PODS:
  - Firebase/Core (10.10.0):
    - Firebase/CoreOnly
    - FirebaseAnalytics (~> 10.10.0)
  - Firebase/CoreOnly (10.10.0):
    - FirebaseCore (= 10.10.0)

DEPENDENCIES:
  - Firebase/Core

SPEC REPOS:
  trunk:
    - Firebase
    - FirebaseAnalytics
    - FirebaseCore

SPEC CHECKSUMS:
  Firebase: 3442ae1d6d0b5256d029451c1a2fc9d8b1d42a79
  FirebaseAnalytics: 7b41efc4eba5ff841cc94d5994b5f339361258f4
  FirebaseCore: 28045c1560a2600d284b9c45a904fe322dc890b6

PODFILE CHECKSUM: 70d9d25280d0dd177a5f637cdb0f0b0b12c6a189

COCOAPODS: 1.12.1
